// !$*UTF8*$!
{
	archiveVersion = 1;
	classes = {
	};
	objectVersion = 77;
	objects = {

/* Begin PBXBuildFile section */
		D8177E6F2FC1732D002081D9 /* AppDelegate.swift in Sources */ = {isa = PBXBuildFile; fileRef = D8177E6E2FC1732D002081D9 /* AppDelegate.swift */; };
		D8177E712FC1732D002081D9 /* SceneDelegate.swift in Sources */ = {isa = PBXBuildFile; fileRef = D8177E702FC1732D002081D9 /* SceneDelegate.swift */; };
		D8177E742FC1732D002081D9 /* LaunchScreen.storyboard in Resources */ = {isa = PBXBuildFile; fileRef = D8177E722FC1732D002081D9 /* LaunchScreen.storyboard */; };
		D8177E772FC1732D002081D9 /* Main.storyboard in Resources */ = {isa = PBXBuildFile; fileRef = D8177E752FC1732D002081D9 /* Main.storyboard */; };
		D8177E802FC1732D002081D9 /* AppDelegate.swift in Sources */ = {isa = PBXBuildFile; fileRef = D8177E7F2FC1732D002081D9 /* AppDelegate.swift */; };
		D8177E832FC1732D002081D9 /* Main.storyboard in Resources */ = {isa = PBXBuildFile; fileRef = D8177E812FC1732D002081D9 /* Main.storyboard */; };
		D8177E8A2FC1732D002081D9 /* SyncNos Extension.appex in Embed Foundation Extensions */ = {isa = PBXBuildFile; fileRef = D8177E892FC1732D002081D9 /* SyncNos Extension.appex */; settings = {ATTRIBUTES = (RemoveHeadersOnCopy, ); }; };
		D8177E942FC1732D002081D9 /* SyncNos Extension.appex in Embed Foundation Extensions */ = {isa = PBXBuildFile; fileRef = D8177E932FC1732D002081D9 /* SyncNos Extension.appex */; settings = {ATTRIBUTES = (RemoveHeadersOnCopy, ); }; };
		D8177E992FC1732D002081D9 /* Main.html in Resources */ = {isa = PBXBuildFile; fileRef = D8177E5E2FC1732C002081D9 /* Main.html */; };
		D8177E9A2FC1732D002081D9 /* Main.html in Resources */ = {isa = PBXBuildFile; fileRef = D8177E5E2FC1732C002081D9 /* Main.html */; };
		D8177E9B2FC1732D002081D9 /* Icon.png in Resources */ = {isa = PBXBuildFile; fileRef = D8177E602FC1732C002081D9 /* Icon.png */; };
		D8177E9C2FC1732D002081D9 /* Icon.png in Resources */ = {isa = PBXBuildFile; fileRef = D8177E602FC1732C002081D9 /* Icon.png */; };
		D8177E9D2FC1732D002081D9 /* Style.css in Resources */ = {isa = PBXBuildFile; fileRef = D8177E612FC1732C002081D9 /* Style.css */; };
		D8177E9E2FC1732D002081D9 /* Style.css in Resources */ = {isa = PBXBuildFile; fileRef = D8177E612FC1732C002081D9 /* Style.css */; };
		D8177E9F2FC1732D002081D9 /* Script.js in Resources */ = {isa = PBXBuildFile; fileRef = D8177E622FC1732C002081D9 /* Script.js */; };
		D8177EA02FC1732D002081D9 /* Script.js in Resources */ = {isa = PBXBuildFile; fileRef = D8177E622FC1732C002081D9 /* Script.js */; };
		D8177EA12FC1732D002081D9 /* ViewController.swift in Sources */ = {isa = PBXBuildFile; fileRef = D8177E632FC1732C002081D9 /* ViewController.swift */; };
		D8177EA22FC1732D002081D9 /* ViewController.swift in Sources */ = {isa = PBXBuildFile; fileRef = D8177E632FC1732C002081D9 /* ViewController.swift */; };
		D8177EA32FC1732D002081D9 /* Assets.xcassets in Resources */ = {isa = PBXBuildFile; fileRef = D8177E642FC1732D002081D9 /* Assets.xcassets */; };
		D8177EA42FC1732D002081D9 /* Assets.xcassets in Resources */ = {isa = PBXBuildFile; fileRef = D8177E642FC1732D002081D9 /* Assets.xcassets */; };
		D8177EA52FC1732D002081D9 /* SafariWebExtensionHandler.swift in Sources */ = {isa = PBXBuildFile; fileRef = D8177E662FC1732D002081D9 /* SafariWebExtensionHandler.swift */; };
		D8177EA62FC1732D002081D9 /* SafariWebExtensionHandler.swift in Sources */ = {isa = PBXBuildFile; fileRef = D8177E662FC1732D002081D9 /* SafariWebExtensionHandler.swift */; };
		D8177EC22FC1732D002081D9 /* background.js in Resources */ = {isa = PBXBuildFile; fileRef = D8177EB82FC1732D002081D9 /* background.js */; };
		D8177EC32FC1732D002081D9 /* popup.html in Resources */ = {isa = PBXBuildFile; fileRef = D8177EB92FC1732D002081D9 /* popup.html */; };
		D8177EC42FC1732D002081D9 /* chunks in Resources */ = {isa = PBXBuildFile; fileRef = D8177EBA2FC1732D002081D9 /* chunks */; };
		D8177EC52FC1732D002081D9 /* content-scripts in Resources */ = {isa = PBXBuildFile; fileRef = D8177EBB2FC1732D002081D9 /* content-scripts */; };
		D8177EC62FC1732D002081D9 /* icons in Resources */ = {isa = PBXBuildFile; fileRef = D8177EBC2FC1732D002081D9 /* icons */; };
		D8177EC72FC1732D002081D9 /* manifest.json in Resources */ = {isa = PBXBuildFile; fileRef = D8177EBD2FC1732D002081D9 /* manifest.json */; };
		D8177EC82FC1732D002081D9 /* _locales in Resources */ = {isa = PBXBuildFile; fileRef = D8177EBE2FC1732D002081D9 /* _locales */; };
		D8177EC92FC1732D002081D9 /* app.html in Resources */ = {isa = PBXBuildFile; fileRef = D8177EBF2FC1732D002081D9 /* app.html */; };
		D8177ECA2FC1732D002081D9 /* assets in Resources */ = {isa = PBXBuildFile; fileRef = D8177EC02FC1732D002081D9 /* assets */; };
		D8177ECB2FC1732D002081D9 /* src in Resources */ = {isa = PBXBuildFile; fileRef = D8177EC12FC1732D002081D9 /* src */; };
		D8177ECC2FC1732D002081D9 /* background.js in Resources */ = {isa = PBXBuildFile; fileRef = D8177EB82FC1732D002081D9 /* background.js */; };
		D8177ECD2FC1732D002081D9 /* popup.html in Resources */ = {isa = PBXBuildFile; fileRef = D8177EB92FC1732D002081D9 /* popup.html */; };
		D8177ECE2FC1732D002081D9 /* chunks in Resources */ = {isa = PBXBuildFile; fileRef = D8177EBA2FC1732D002081D9 /* chunks */; };
		D8177ECF2FC1732D002081D9 /* content-scripts in Resources */ = {isa = PBXBuildFile; fileRef = D8177EBB2FC1732D002081D9 /* content-scripts */; };
		D8177ED02FC1732D002081D9 /* icons in Resources */ = {isa = PBXBuildFile; fileRef = D8177EBC2FC1732D002081D9 /* icons */; };
		D8177ED12FC1732D002081D9 /* manifest.json in Resources */ = {isa = PBXBuildFile; fileRef = D8177EBD2FC1732D002081D9 /* manifest.json */; };
		D8177ED22FC1732D002081D9 /* _locales in Resources */ = {isa = PBXBuildFile; fileRef = D8177EBE2FC1732D002081D9 /* _locales */; };
		D8177ED32FC1732D002081D9 /* app.html in Resources */ = {isa = PBXBuildFile; fileRef = D8177EBF2FC1732D002081D9 /* app.html */; };
		D8177ED42FC1732D002081D9 /* assets in Resources */ = {isa = PBXBuildFile; fileRef = D8177EC02FC1732D002081D9 /* assets */; };
		D8177ED52FC1732D002081D9 /* src in Resources */ = {isa = PBXBuildFile; fileRef = D8177EC12FC1732D002081D9 /* src */; };
/* End PBXBuildFile section */

/* Begin PBXContainerItemProxy section */
		D8177E8B2FC1732D002081D9 /* PBXContainerItemProxy */ = {
			isa = PBXContainerItemProxy;
			containerPortal = D8177E582FC1732C002081D9 /* Project object */;
			proxyType = 1;
			remoteGlobalIDString = D8177E882FC1732D002081D9;
			remoteInfo = "SyncNos Extension (iOS)";
		};
		D8177E952FC1732D002081D9 /* PBXContainerItemProxy */ = {
			isa = PBXContainerItemProxy;
			containerPortal = D8177E582FC1732C002081D9 /* Project object */;
			proxyType = 1;
			remoteGlobalIDString = D8177E922FC1732D002081D9;
			remoteInfo = "SyncNos Extension (macOS)";
		};
/* End PBXContainerItemProxy section */

/* Begin PBXCopyFilesBuildPhase section */
		D8177EAC2FC1732D002081D9 /* Embed Foundation Extensions */ = {
			isa = PBXCopyFilesBuildPhase;
			buildActionMask = 2147483647;
			dstPath = "";
			dstSubfolderSpec = 13;
			files = (
				D8177E8A2FC1732D002081D9 /* SyncNos Extension.appex in Embed Foundation Extensions */,
			);
			name = "Embed Foundation Extensions";
			runOnlyForDeploymentPostprocessing = 0;
		};
		D8177EB32FC1732D002081D9 /* Embed Foundation Extensions */ = {
			isa = PBXCopyFilesBuildPhase;
			buildActionMask = 2147483647;
			dstPath = "";
			dstSubfolderSpec = 13;
			files = (
				D8177E942FC1732D002081D9 /* SyncNos Extension.appex in Embed Foundation Extensions */,
			);
			name = "Embed Foundation Extensions";
			runOnlyForDeploymentPostprocessing = 0;
		};
/* End PBXCopyFilesBuildPhase section */

/* Begin PBXFileReference section */
		D8177E5F2FC1732C002081D9 /* Base */ = {isa = PBXFileReference; lastKnownFileType = text.html; name = Base; path = Base.lproj/Main.html; sourceTree = "<group>"; };
		D8177E602FC1732C002081D9 /* Icon.png */ = {isa = PBXFileReference; lastKnownFileType = image.png; path = Icon.png; sourceTree = "<group>"; };
		D8177E612FC1732C002081D9 /* Style.css */ = {isa = PBXFileReference; lastKnownFileType = text.css; path = Style.css; sourceTree = "<group>"; };
		D8177E622FC1732C002081D9 /* Script.js */ = {isa = PBXFileReference; lastKnownFileType = sourcecode.javascript; path = Script.js; sourceTree = "<group>"; };
		D8177E632FC1732C002081D9 /* ViewController.swift */ = {isa = PBXFileReference; lastKnownFileType = sourcecode.swift; path = ViewController.swift; sourceTree = "<group>"; };
		D8177E642FC1732D002081D9 /* Assets.xcassets */ = {isa = PBXFileReference; lastKnownFileType = folder.assetcatalog; path = Assets.xcassets; sourceTree = "<group>"; };
		D8177E662FC1732D002081D9 /* SafariWebExtensionHandler.swift */ = {isa = PBXFileReference; lastKnownFileType = sourcecode.swift; path = SafariWebExtensionHandler.swift; sourceTree = "<group>"; };
		D8177E6B2FC1732D002081D9 /* SyncNos.app */ = {isa = PBXFileReference; explicitFileType = wrapper.application; includeInIndex = 0; path = SyncNos.app; sourceTree = BUILT_PRODUCTS_DIR; };
		D8177E6E2FC1732D002081D9 /* AppDelegate.swift */ = {isa = PBXFileReference; lastKnownFileType = sourcecode.swift; path = AppDelegate.swift; sourceTree = "<group>"; };
		D8177E702FC1732D002081D9 /* SceneDelegate.swift */ = {isa = PBXFileReference; lastKnownFileType = sourcecode.swift; path = SceneDelegate.swift; sourceTree = "<group>"; };
		D8177E732FC1732D002081D9 /* Base */ = {isa = PBXFileReference; lastKnownFileType = file.storyboard; name = Base; path = Base.lproj/LaunchScreen.storyboard; sourceTree = "<group>"; };
		D8177E762FC1732D002081D9 /* Base */ = {isa = PBXFileReference; lastKnownFileType = file.storyboard; name = Base; path = Base.lproj/Main.storyboard; sourceTree = "<group>"; };
		D8177E782FC1732D002081D9 /* Info.plist */ = {isa = PBXFileReference; lastKnownFileType = text.plist.xml; path = Info.plist; sourceTree = "<group>"; };
		D8177E7D2FC1732D002081D9 /* SyncNos.app */ = {isa = PBXFileReference; explicitFileType = wrapper.application; includeInIndex = 0; path = SyncNos.app; sourceTree = BUILT_PRODUCTS_DIR; };
		D8177E7F2FC1732D002081D9 /* AppDelegate.swift */ = {isa = PBXFileReference; lastKnownFileType = sourcecode.swift; path = AppDelegate.swift; sourceTree = "<group>"; };
		D8177E822FC1732D002081D9 /* Base */ = {isa = PBXFileReference; lastKnownFileType = file.storyboard; name = Base; path = Base.lproj/Main.storyboard; sourceTree = "<group>"; };
		D8177E842FC1732D002081D9 /* Info.plist */ = {isa = PBXFileReference; lastKnownFileType = text.plist.xml; path = Info.plist; sourceTree = "<group>"; };
		D8177E892FC1732D002081D9 /* SyncNos Extension.appex */ = {isa = PBXFileReference; explicitFileType = "wrapper.app-extension"; includeInIndex = 0; path = "SyncNos Extension.appex"; sourceTree = BUILT_PRODUCTS_DIR; };
		D8177E8E2FC1732D002081D9 /* Info.plist */ = {isa = PBXFileReference; lastKnownFileType = text.plist.xml; path = Info.plist; sourceTree = "<group>"; };
		D8177E932FC1732D002081D9 /* SyncNos Extension.appex */ = {isa = PBXFileReference; explicitFileType = "wrapper.app-extension"; includeInIndex = 0; path = "SyncNos Extension.appex"; sourceTree = BUILT_PRODUCTS_DIR; };
		D8177E982FC1732D002081D9 /* Info.plist */ = {isa = PBXFileReference; lastKnownFileType = text.plist.xml; path = Info.plist; sourceTree = "<group>"; };
		D8177EB82FC1732D002081D9 /* background.js */ = {isa = PBXFileReference; lastKnownFileType = sourcecode.javascript; name = background.js; path = Resources/background.js; sourceTree = "<group>"; };
		D8177EB92FC1732D002081D9 /* popup.html */ = {isa = PBXFileReference; lastKnownFileType = text.html; name = popup.html; path = Resources/popup.html; sourceTree = "<group>"; };
		D8177EBA2FC1732D002081D9 /* chunks */ = {isa = PBXFileReference; lastKnownFileType = folder; name = chunks; path = Resources/chunks; sourceTree = "<group>"; };
		D8177EBB2FC1732D002081D9 /* content-scripts */ = {isa = PBXFileReference; lastKnownFileType = folder; name = "content-scripts"; path = "Resources/content-scripts"; sourceTree = "<group>"; };
		D8177EBC2FC1732D002081D9 /* icons */ = {isa = PBXFileReference; lastKnownFileType = folder; name = icons; path = Resources/icons; sourceTree = "<group>"; };
		D8177EBD2FC1732D002081D9 /* manifest.json */ = {isa = PBXFileReference; lastKnownFileType = text.json; name = manifest.json; path = Resources/manifest.json; sourceTree = "<group>"; };
		D8177EBE2FC1732D002081D9 /* _locales */ = {isa = PBXFileReference; lastKnownFileType = folder; name = _locales; path = Resources/_locales; sourceTree = "<group>"; };
		D8177EBF2FC1732D002081D9 /* app.html */ = {isa = PBXFileReference; lastKnownFileType = text.html; name = app.html; path = Resources/app.html; sourceTree = "<group>"; };
		D8177EC02FC1732D002081D9 /* assets */ = {isa = PBXFileReference; lastKnownFileType = folder; name = assets; path = Resources/assets; sourceTree = "<group>"; };
		D8177EC12FC1732D002081D9 /* src */ = {isa = PBXFileReference; lastKnownFileType = folder; name = src; path = Resources/src; sourceTree = "<group>"; };
/* End PBXFileReference section */

/* Begin PBXFrameworksBuildPhase section */
		D8177E682FC1732D002081D9 /* Frameworks */ = {
			isa = PBXFrameworksBuildPhase;
			buildActionMask = 2147483647;
			files = (
			);
			runOnlyForDeploymentPostprocessing = 0;
		};
		D8177E7A2FC1732D002081D9 /* Frameworks */ = {
			isa = PBXFrameworksBuildPhase;
			buildActionMask = 2147483647;
			files = (
			);
			runOnlyForDeploymentPostprocessing = 0;
		};
		D8177E862FC1732D002081D9 /* Frameworks */ = {
			isa = PBXFrameworksBuildPhase;
			buildActionMask = 2147483647;
			files = (
			);
			runOnlyForDeploymentPostprocessing = 0;
		};
		D8177E902FC1732D002081D9 /* Frameworks */ = {
			isa = PBXFrameworksBuildPhase;
			buildActionMask = 2147483647;
			files = (
			);
			runOnlyForDeploymentPostprocessing = 0;
		};
/* End PBXFrameworksBuildPhase section */

/* Begin PBXGroup section */
		D8177E572FC1732C002081D9 = {
			isa = PBXGroup;
			children = (
				D8177E5C2FC1732C002081D9 /* Shared (App) */,
				D8177E652FC1732D002081D9 /* Shared (Extension) */,
				D8177E6D2FC1732D002081D9 /* iOS (App) */,
				D8177E7E2FC1732D002081D9 /* macOS (App) */,
				D8177E8D2FC1732D002081D9 /* iOS (Extension) */,
				D8177E972FC1732D002081D9 /* macOS (Extension) */,
				D8177E6C2FC1732D002081D9 /* Products */,
			);
			sourceTree = "<group>";
		};
		D8177E5C2FC1732C002081D9 /* Shared (App) */ = {
			isa = PBXGroup;
			children = (
				D8177E632FC1732C002081D9 /* ViewController.swift */,
				D8177E642FC1732D002081D9 /* Assets.xcassets */,
				D8177E5D2FC1732C002081D9 /* Resources */,
			);
			path = "Shared (App)";
			sourceTree = "<group>";
		};
		D8177E5D2FC1732C002081D9 /* Resources */ = {
			isa = PBXGroup;
			children = (
				D8177E5E2FC1732C002081D9 /* Main.html */,
				D8177E602FC1732C002081D9 /* Icon.png */,
				D8177E612FC1732C002081D9 /* Style.css */,
				D8177E622FC1732C002081D9 /* Script.js */,
			);
			path = Resources;
			sourceTree = "<group>";
		};
		D8177E652FC1732D002081D9 /* Shared (Extension) */ = {
			isa = PBXGroup;
			children = (
				D8177EB72FC1732D002081D9 /* Resources */,
				D8177E662FC1732D002081D9 /* SafariWebExtensionHandler.swift */,
			);
			path = "Shared (Extension)";
			sourceTree = "<group>";
		};
		D8177E6C2FC1732D002081D9 /* Products */ = {
			isa = PBXGroup;
			children = (
				D8177E6B2FC1732D002081D9 /* SyncNos.app */,
				D8177E7D2FC1732D002081D9 /* SyncNos.app */,
				D8177E892FC1732D002081D9 /* SyncNos Extension.appex */,
				D8177E932FC1732D002081D9 /* SyncNos Extension.appex */,
			);
			name = Products;
			sourceTree = "<group>";
		};
		D8177E6D2FC1732D002081D9 /* iOS (App) */ = {
			isa = PBXGroup;
			children = (
				D8177E6E2FC1732D002081D9 /* AppDelegate.swift */,
				D8177E702FC1732D002081D9 /* SceneDelegate.swift */,
				D8177E722FC1732D002081D9 /* LaunchScreen.storyboard */,
				D8177E752FC1732D002081D9 /* Main.storyboard */,
				D8177E782FC1732D002081D9 /* Info.plist */,
			);
			path = "iOS (App)";
			sourceTree = "<group>";
		};
		D8177E7E2FC1732D002081D9 /* macOS (App) */ = {
			isa = PBXGroup;
			children = (
				D8177E7F2FC1732D002081D9 /* AppDelegate.swift */,
				D8177E812FC1732D002081D9 /* Main.storyboard */,
				D8177E842FC1732D002081D9 /* Info.plist */,
			);
			path = "macOS (App)";
			sourceTree = "<group>";
		};
		D8177E8D2FC1732D002081D9 /* iOS (Extension) */ = {
			isa = PBXGroup;
			children = (
				D8177E8E2FC1732D002081D9 /* Info.plist */,
			);
			path = "iOS (Extension)";
			sourceTree = "<group>";
		};
		D8177E972FC1732D002081D9 /* macOS (Extension) */ = {
			isa = PBXGroup;
			children = (
				D8177E982FC1732D002081D9 /* Info.plist */,
			);
			path = "macOS (Extension)";
			sourceTree = "<group>";
		};
		D8177EB72FC1732D002081D9 /* Resources */ = {
			isa = PBXGroup;
			children = (
				D8177EB82FC1732D002081D9 /* background.js */,
				D8177EB92FC1732D002081D9 /* popup.html */,
				D8177EBA2FC1732D002081D9 /* chunks */,
				D8177EBB2FC1732D002081D9 /* content-scripts */,
				D8177EBC2FC1732D002081D9 /* icons */,
				D8177EBD2FC1732D002081D9 /* manifest.json */,
				D8177EBE2FC1732D002081D9 /* _locales */,
				D8177EBF2FC1732D002081D9 /* app.html */,
				D8177EC02FC1732D002081D9 /* assets */,
				D8177EC12FC1732D002081D9 /* src */,
			);
			name = Resources;
			path = "Shared (Extension)";
			sourceTree = SOURCE_ROOT;
		};
/* End PBXGroup section */

/* Begin PBXNativeTarget section */
		D8177E6A2FC1732D002081D9 /* SyncNos (iOS) */ = {
			isa = PBXNativeTarget;
			buildConfigurationList = D8177EAD2FC1732D002081D9 /* Build configuration list for PBXNativeTarget "SyncNos (iOS)" */;
			buildPhases = (
				D8177E672FC1732D002081D9 /* Sources */,
				D8177E682FC1732D002081D9 /* Frameworks */,
				D8177E692FC1732D002081D9 /* Resources */,
				D8177EAC2FC1732D002081D9 /* Embed Foundation Extensions */,
			);
			buildRules = (
			);
			dependencies = (
				D8177E8C2FC1732D002081D9 /* PBXTargetDependency */,
			);
			name = "SyncNos (iOS)";
			packageProductDependencies = (
			);
			productName = "SyncNos (iOS)";
			productReference = D8177E6B2FC1732D002081D9 /* SyncNos.app */;
			productType = "com.apple.product-type.application";
		};
		D8177E7C2FC1732D002081D9 /* SyncNos (macOS) */ = {
			isa = PBXNativeTarget;
			buildConfigurationList = D8177EB42FC1732D002081D9 /* Build configuration list for PBXNativeTarget "SyncNos (macOS)" */;
			buildPhases = (
				D8177E792FC1732D002081D9 /* Sources */,
				D8177E7A2FC1732D002081D9 /* Frameworks */,
				D8177E7B2FC1732D002081D9 /* Resources */,
				D8177EB32FC1732D002081D9 /* Embed Foundation Extensions */,
			);
			buildRules = (
			);
			dependencies = (
				D8177E962FC1732D002081D9 /* PBXTargetDependency */,
			);
			name = "SyncNos (macOS)";
			packageProductDependencies = (
			);
			productName = "SyncNos (macOS)";
			productReference = D8177E7D2FC1732D002081D9 /* SyncNos.app */;
			productType = "com.apple.product-type.application";
		};
		D8177E882FC1732D002081D9 /* SyncNos Extension (iOS) */ = {
			isa = PBXNativeTarget;
			buildConfigurationList = D8177EA92FC1732D002081D9 /* Build configuration list for PBXNativeTarget "SyncNos Extension (iOS)" */;
			buildPhases = (
				D8177E852FC1732D002081D9 /* Sources */,
				D8177E862FC1732D002081D9 /* Frameworks */,
				D8177E872FC1732D002081D9 /* Resources */,
			);
			buildRules = (
			);
			dependencies = (
			);
			name = "SyncNos Extension (iOS)";
			packageProductDependencies = (
			);
			productName = "SyncNos Extension (iOS)";
			productReference = D8177E892FC1732D002081D9 /* SyncNos Extension.appex */;
			productType = "com.apple.product-type.app-extension";
		};
		D8177E922FC1732D002081D9 /* SyncNos Extension (macOS) */ = {
			isa = PBXNativeTarget;
			buildConfigurationList = D8177EB02FC1732D002081D9 /* Build configuration list for PBXNativeTarget "SyncNos Extension (macOS)" */;
			buildPhases = (
				D8177E8F2FC1732D002081D9 /* Sources */,
				D8177E902FC1732D002081D9 /* Frameworks */,
				D8177E912FC1732D002081D9 /* Resources */,
			);
			buildRules = (
			);
			dependencies = (
			);
			name = "SyncNos Extension (macOS)";
			packageProductDependencies = (
			);
			productName = "SyncNos Extension (macOS)";
			productReference = D8177E932FC1732D002081D9 /* SyncNos Extension.appex */;
			productType = "com.apple.product-type.app-extension";
		};
/* End PBXNativeTarget section */

/* Begin PBXProject section */
		D8177E582FC1732C002081D9 /* Project object */ = {
			isa = PBXProject;
			attributes = {
				BuildIndependentTargetsInParallel = 1;
				LastSwiftUpdateCheck = 2640;
				LastUpgradeCheck = 2640;
				TargetAttributes = {
					D8177E6A2FC1732D002081D9 = {
						CreatedOnToolsVersion = 26.4;
					};
					D8177E7C2FC1732D002081D9 = {
						CreatedOnToolsVersion = 26.4;
					};
					D8177E882FC1732D002081D9 = {
						CreatedOnToolsVersion = 26.4;
					};
					D8177E922FC1732D002081D9 = {
						CreatedOnToolsVersion = 26.4;
					};
				};
			};
			buildConfigurationList = D8177E5B2FC1732C002081D9 /* Build configuration list for PBXProject "SyncNos" */;
			developmentRegion = en;
			hasScannedForEncodings = 0;
			knownRegions = (
				en,
				Base,
			);
			mainGroup = D8177E572FC1732C002081D9;
			minimizedProjectReferenceProxies = 1;
			preferredProjectObjectVersion = 77;
			productRefGroup = D8177E6C2FC1732D002081D9 /* Products */;
			projectDirPath = "";
			projectRoot = "";
			targets = (
				D8177E6A2FC1732D002081D9 /* SyncNos (iOS) */,
				D8177E7C2FC1732D002081D9 /* SyncNos (macOS) */,
				D8177E882FC1732D002081D9 /* SyncNos Extension (iOS) */,
				D8177E922FC1732D002081D9 /* SyncNos Extension (macOS) */,
			);
		};
/* End PBXProject section */

/* Begin PBXResourcesBuildPhase section */
		D8177E692FC1732D002081D9 /* Resources */ = {
			isa = PBXResourcesBuildPhase;
			buildActionMask = 2147483647;
			files = (
				D8177E9B2FC1732D002081D9 /* Icon.png in Resources */,
				D8177E742FC1732D002081D9 /* LaunchScreen.storyboard in Resources */,
				D8177E992FC1732D002081D9 /* Main.html in Resources */,
				D8177E9F2FC1732D002081D9 /* Script.js in Resources */,
				D8177EA32FC1732D002081D9 /* Assets.xcassets in Resources */,
				D8177E772FC1732D002081D9 /* Main.storyboard in Resources */,
				D8177E9D2FC1732D002081D9 /* Style.css in Resources */,
			);
			runOnlyForDeploymentPostprocessing = 0;
		};
		D8177E7B2FC1732D002081D9 /* Resources */ = {
			isa = PBXResourcesBuildPhase;
			buildActionMask = 2147483647;
			files = (
				D8177E9C2FC1732D002081D9 /* Icon.png in Resources */,
				D8177E9E2FC1732D002081D9 /* Style.css in Resources */,
				D8177E832FC1732D002081D9 /* Main.storyboard in Resources */,
				D8177EA02FC1732D002081D9 /* Script.js in Resources */,
				D8177EA42FC1732D002081D9 /* Assets.xcassets in Resources */,
				D8177E9A2FC1732D002081D9 /* Main.html in Resources */,
			);
			runOnlyForDeploymentPostprocessing = 0;
		};
		D8177E872FC1732D002081D9 /* Resources */ = {
			isa = PBXResourcesBuildPhase;
			buildActionMask = 2147483647;
			files = (
				D8177ECE2FC1732D002081D9 /* chunks in Resources */,
				D8177ECC2FC1732D002081D9 /* background.js in Resources */,
				D8177ECD2FC1732D002081D9 /* popup.html in Resources */,
				D8177ED42FC1732D002081D9 /* assets in Resources */,
				D8177ED02FC1732D002081D9 /* icons in Resources */,
				D8177ED32FC1732D002081D9 /* app.html in Resources */,
				D8177ED12FC1732D002081D9 /* manifest.json in Resources */,
				D8177ED22FC1732D002081D9 /* _locales in Resources */,
				D8177ECF2FC1732D002081D9 /* content-scripts in Resources */,
				D8177ED52FC1732D002081D9 /* src in Resources */,
			);
			runOnlyForDeploymentPostprocessing = 0;
		};
		D8177E912FC1732D002081D9 /* Resources */ = {
			isa = PBXResourcesBuildPhase;
			buildActionMask = 2147483647;
			files = (
				D8177EC42FC1732D002081D9 /* chunks in Resources */,
				D8177EC22FC1732D002081D9 /* background.js in Resources */,
				D8177EC32FC1732D002081D9 /* popup.html in Resources */,
				D8177ECA2FC1732D002081D9 /* assets in Resources */,
				D8177EC62FC1732D002081D9 /* icons in Resources */,
				D8177EC92FC1732D002081D9 /* app.html in Resources */,
				D8177EC72FC1732D002081D9 /* manifest.json in Resources */,
				D8177EC82FC1732D002081D9 /* _locales in Resources */,
				D8177EC52FC1732D002081D9 /* content-scripts in Resources */,
				D8177ECB2FC1732D002081D9 /* src in Resources */,
			);
			runOnlyForDeploymentPostprocessing = 0;
		};
/* End PBXResourcesBuildPhase section */

/* Begin PBXSourcesBuildPhase section */
		D8177E672FC1732D002081D9 /* Sources */ = {
			isa = PBXSourcesBuildPhase;
			buildActionMask = 2147483647;
			files = (
				D8177EA12FC1732D002081D9 /* ViewController.swift in Sources */,
				D8177E6F2FC1732D002081D9 /* AppDelegate.swift in Sources */,
				D8177E712FC1732D002081D9 /* SceneDelegate.swift in Sources */,
			);
			runOnlyForDeploymentPostprocessing = 0;
		};
		D8177E792FC1732D002081D9 /* Sources */ = {
			isa = PBXSourcesBuildPhase;
			buildActionMask = 2147483647;
			files = (
				D8177EA22FC1732D002081D9 /* ViewController.swift in Sources */,
				D8177E802FC1732D002081D9 /* AppDelegate.swift in Sources */,
			);
			runOnlyForDeploymentPostprocessing = 0;
		};
		D8177E852FC1732D002081D9 /* Sources */ = {
			isa = PBXSourcesBuildPhase;
			buildActionMask = 2147483647;
			files = (
				D8177EA52FC1732D002081D9 /* SafariWebExtensionHandler.swift in Sources */,
			);
			runOnlyForDeploymentPostprocessing = 0;
		};
		D8177E8F2FC1732D002081D9 /* Sources */ = {
			isa = PBXSourcesBuildPhase;
			buildActionMask = 2147483647;
			files = (
				D8177EA62FC1732D002081D9 /* SafariWebExtensionHandler.swift in Sources */,
			);
			runOnlyForDeploymentPostprocessing = 0;
		};
/* End PBXSourcesBuildPhase section */

/* Begin PBXTargetDependency section */
		D8177E8C2FC1732D002081D9 /* PBXTargetDependency */ = {
			isa = PBXTargetDependency;
			target = D8177E882FC1732D002081D9 /* SyncNos Extension (iOS) */;
			targetProxy = D8177E8B2FC1732D002081D9 /* PBXContainerItemProxy */;
		};
		D8177E962FC1732D002081D9 /* PBXTargetDependency */ = {
			isa = PBXTargetDependency;
			target = D8177E922FC1732D002081D9 /* SyncNos Extension (macOS) */;
			targetProxy = D8177E952FC1732D002081D9 /* PBXContainerItemProxy */;
		};
/* End PBXTargetDependency section */

/* Begin PBXVariantGroup section */
		D8177E5E2FC1732C002081D9 /* Main.html */ = {
			isa = PBXVariantGroup;
			children = (
				D8177E5F2FC1732C002081D9 /* Base */,
			);
			name = Main.html;
			sourceTree = "<group>";
		};
		D8177E722FC1732D002081D9 /* LaunchScreen.storyboard */ = {
			isa = PBXVariantGroup;
			children = (
				D8177E732FC1732D002081D9 /* Base */,
			);
			name = LaunchScreen.storyboard;
			sourceTree = "<group>";
		};
		D8177E752FC1732D002081D9 /* Main.storyboard */ = {
			isa = PBXVariantGroup;
			children = (
				D8177E762FC1732D002081D9 /* Base */,
			);
			name = Main.storyboard;
			sourceTree = "<group>";
		};
		D8177E812FC1732D002081D9 /* Main.storyboard */ = {
			isa = PBXVariantGroup;
			children = (
				D8177E822FC1732D002081D9 /* Base */,
			);
			name = Main.storyboard;
			sourceTree = "<group>";
		};
/* End PBXVariantGroup section */

/* Begin XCBuildConfiguration section */
		D8177EA72FC1732D002081D9 /* Debug */ = {
			isa = XCBuildConfiguration;
			buildSettings = {
				ALWAYS_SEARCH_USER_PATHS = NO;
				ASSETCATALOG_COMPILER_GENERATE_SWIFT_ASSET_SYMBOL_EXTENSIONS = YES;
				CLANG_ANALYZER_NONNULL = YES;
				CLANG_ANALYZER_NUMBER_OBJECT_CONVERSION = YES_AGGRESSIVE;
				CLANG_CXX_LANGUAGE_STANDARD = "gnu++20";
				CLANG_ENABLE_MODULES = YES;
				CLANG_ENABLE_OBJC_ARC = YES;
				CLANG_ENABLE_OBJC_WEAK = YES;
				CLANG_WARN_BLOCK_CAPTURE_AUTORELEASING = YES;
				CLANG_WARN_BOOL_CONVERSION = YES;
				CLANG_WARN_COMMA = YES;
				CLANG_WARN_CONSTANT_CONVERSION = YES;
				CLANG_WARN_DEPRECATED_OBJC_IMPLEMENTATIONS = YES;
				CLANG_WARN_DIRECT_OBJC_ISA_USAGE = YES_ERROR;
				CLANG_WARN_DOCUMENTATION_COMMENTS = YES;
				CLANG_WARN_EMPTY_BODY = YES;
				CLANG_WARN_ENUM_CONVERSION = YES;
				CLANG_WARN_INFINITE_RECURSION = YES;
				CLANG_WARN_INT_CONVERSION = YES;
				CLANG_WARN_NON_LITERAL_NULL_CONVERSION = YES;
				CLANG_WARN_OBJC_IMPLICIT_RETAIN_SELF = YES;
				CLANG_WARN_OBJC_LITERAL_CONVERSION = YES;
				CLANG_WARN_OBJC_ROOT_CLASS = YES_ERROR;
				CLANG_WARN_QUOTED_INCLUDE_IN_FRAMEWORK_HEADER = YES;
				CLANG_WARN_RANGE_LOOP_ANALYSIS = YES;
				CLANG_WARN_STRICT_PROTOTYPES = YES;
				CLANG_WARN_SUSPICIOUS_MOVE = YES;
				CLANG_WARN_UNGUARDED_AVAILABILITY = YES_AGGRESSIVE;
				CLANG_WARN_UNREACHABLE_CODE = YES;
				CLANG_WARN__DUPLICATE_METHOD_MATCH = YES;
				COPY_PHASE_STRIP = NO;
				DEBUG_INFORMATION_FORMAT = dwarf;
				ENABLE_STRICT_OBJC_MSGSEND = YES;
				ENABLE_TESTABILITY = YES;
				ENABLE_USER_SCRIPT_SANDBOXING = YES;
				GCC_C_LANGUAGE_STANDARD = gnu17;
				GCC_DYNAMIC_NO_PIC = NO;
				GCC_NO_COMMON_BLOCKS = YES;
				GCC_OPTIMIZATION_LEVEL = 0;
				GCC_PREPROCESSOR_DEFINITIONS = (
					"DEBUG=1",
					"$(inherited)",
				);
				GCC_WARN_64_TO_32_BIT_CONVERSION = YES;
				GCC_WARN_ABOUT_RETURN_TYPE = YES_ERROR;
				GCC_WARN_UNDECLARED_SELECTOR = YES;
				GCC_WARN_UNINITIALIZED_AUTOS = YES_AGGRESSIVE;
				GCC_WARN_UNUSED_FUNCTION = YES;
				GCC_WARN_UNUSED_VARIABLE = YES;
				LOCALIZATION_PREFERS_STRING_CATALOGS = YES;
				MTL_ENABLE_DEBUG_INFO = INCLUDE_SOURCE;
				MTL_FAST_MATH = YES;
				ONLY_ACTIVE_ARCH = YES;
				SWIFT_ACTIVE_COMPILATION_CONDITIONS = "DEBUG $(inherited)";
				SWIFT_OPTIMIZATION_LEVEL = "-Onone";
			};
			name = Debug;
		};
		D8177EA82FC1732D002081D9 /* Release */ = {
			isa = XCBuildConfiguration;
			buildSettings = {
				ALWAYS_SEARCH_USER_PATHS = NO;
				ASSETCATALOG_COMPILER_GENERATE_SWIFT_ASSET_SYMBOL_EXTENSIONS = YES;
				CLANG_ANALYZER_NONNULL = YES;
				CLANG_ANALYZER_NUMBER_OBJECT_CONVERSION = YES_AGGRESSIVE;
				CLANG_CXX_LANGUAGE_STANDARD = "gnu++20";
				CLANG_ENABLE_MODULES = YES;
				CLANG_ENABLE_OBJC_ARC = YES;
				CLANG_ENABLE_OBJC_WEAK = YES;
				CLANG_WARN_BLOCK_CAPTURE_AUTORELEASING = YES;
				CLANG_WARN_BOOL_CONVERSION = YES;
				CLANG_WARN_COMMA = YES;
				CLANG_WARN_CONSTANT_CONVERSION = YES;
				CLANG_WARN_DEPRECATED_OBJC_IMPLEMENTATIONS = YES;
				CLANG_WARN_DIRECT_OBJC_ISA_USAGE = YES_ERROR;
				CLANG_WARN_DOCUMENTATION_COMMENTS = YES;
				CLANG_WARN_EMPTY_BODY = YES;
				CLANG_WARN_ENUM_CONVERSION = YES;
				CLANG_WARN_INFINITE_RECURSION = YES;
				CLANG_WARN_INT_CONVERSION = YES;
				CLANG_WARN_NON_LITERAL_NULL_CONVERSION = YES;
				CLANG_WARN_OBJC_IMPLICIT_RETAIN_SELF = YES;
				CLANG_WARN_OBJC_LITERAL_CONVERSION = YES;
				CLANG_WARN_OBJC_ROOT_CLASS = YES_ERROR;
				CLANG_WARN_QUOTED_INCLUDE_IN_FRAMEWORK_HEADER = YES;
				CLANG_WARN_RANGE_LOOP_ANALYSIS = YES;
				CLANG_WARN_STRICT_PROTOTYPES = YES;
				CLANG_WARN_SUSPICIOUS_MOVE = YES;
				CLANG_WARN_UNGUARDED_AVAILABILITY = YES_AGGRESSIVE;
				CLANG_WARN_UNREACHABLE_CODE = YES;
				CLANG_WARN__DUPLICATE_METHOD_MATCH = YES;
				COPY_PHASE_STRIP = NO;
				DEBUG_INFORMATION_FORMAT = "dwarf-with-dsym";
				ENABLE_NS_ASSERTIONS = NO;
				ENABLE_STRICT_OBJC_MSGSEND = YES;
				ENABLE_USER_SCRIPT_SANDBOXING = YES;
				GCC_C_LANGUAGE_STANDARD = gnu17;
				GCC_NO_COMMON_BLOCKS = YES;
				GCC_WARN_64_TO_32_BIT_CONVERSION = YES;
				GCC_WARN_ABOUT_RETURN_TYPE = YES_ERROR;
				GCC_WARN_UNDECLARED_SELECTOR = YES;
				GCC_WARN_UNINITIALIZED_AUTOS = YES_AGGRESSIVE;
				GCC_WARN_UNUSED_FUNCTION = YES;
				GCC_WARN_UNUSED_VARIABLE = YES;
				LOCALIZATION_PREFERS_STRING_CATALOGS = YES;
				MTL_ENABLE_DEBUG_INFO = NO;
				MTL_FAST_MATH = YES;
				SWIFT_COMPILATION_MODE = wholemodule;
			};
			name = Release;
		};
		D8177EAA2FC1732D002081D9 /* Debug */ = {
			isa = XCBuildConfiguration;
			buildSettings = {
				CODE_SIGN_STYLE = Automatic;
				CURRENT_PROJECT_VERSION = 3;
				GENERATE_INFOPLIST_FILE = YES;
				INFOPLIST_FILE = "iOS (Extension)/Info.plist";
				INFOPLIST_KEY_CFBundleDisplayName = "SyncNos Extension";
				INFOPLIST_KEY_NSHumanReadableCopyright = "";
				IPHONEOS_DEPLOYMENT_TARGET = 15.0;
				LD_RUNPATH_SEARCH_PATHS = (
					"$(inherited)",
					"@executable_path/Frameworks",
					"@executable_path/../../Frameworks",
				);
				MARKETING_VERSION = 1.7.3;
				OTHER_LDFLAGS = (
					"-framework",
					SafariServices,
				);
				PRODUCT_BUNDLE_IDENTIFIER = com.chiimagnus.SyncNos.Webclipper.Extension;
				PRODUCT_NAME = "SyncNos Extension";
				SDKROOT = iphoneos;
				SKIP_INSTALL = YES;
				STRING_CATALOG_GENERATE_SYMBOLS = YES;
				SWIFT_APPROACHABLE_CONCURRENCY = YES;
				SWIFT_EMIT_LOC_STRINGS = YES;
				SWIFT_UPCOMING_FEATURE_MEMBER_IMPORT_VISIBILITY = YES;
				SWIFT_VERSION = 5.0;
				TARGETED_DEVICE_FAMILY = "1,2";
			};
			name = Debug;
		};
		D8177EAB2FC1732D002081D9 /* Release */ = {
			isa = XCBuildConfiguration;
			buildSettings = {
				CODE_SIGN_STYLE = Automatic;
				CURRENT_PROJECT_VERSION = 3;
				GENERATE_INFOPLIST_FILE = YES;
				INFOPLIST_FILE = "iOS (Extension)/Info.plist";
				INFOPLIST_KEY_CFBundleDisplayName = "SyncNos Extension";
				INFOPLIST_KEY_NSHumanReadableCopyright = "";
				IPHONEOS_DEPLOYMENT_TARGET = 15.0;
				LD_RUNPATH_SEARCH_PATHS = (
					"$(inherited)",
					"@executable_path/Frameworks",
					"@executable_path/../../Frameworks",
				);
				MARKETING_VERSION = 1.7.3;
				OTHER_LDFLAGS = (
					"-framework",
					SafariServices,
				);
				PRODUCT_BUNDLE_IDENTIFIER = com.chiimagnus.SyncNos.Webclipper.Extension;
				PRODUCT_NAME = "SyncNos Extension";
				SDKROOT = iphoneos;
				SKIP_INSTALL = YES;
				STRING_CATALOG_GENERATE_SYMBOLS = YES;
				SWIFT_APPROACHABLE_CONCURRENCY = YES;
				SWIFT_EMIT_LOC_STRINGS = YES;
				SWIFT_UPCOMING_FEATURE_MEMBER_IMPORT_VISIBILITY = YES;
				SWIFT_VERSION = 5.0;
				TARGETED_DEVICE_FAMILY = "1,2";
				VALIDATE_PRODUCT = YES;
			};
			name = Release;
		};
		D8177EAE2FC1732D002081D9 /* Debug */ = {
			isa = XCBuildConfiguration;
			buildSettings = {
				ASSETCATALOG_COMPILER_APPICON_NAME = AppIcon;
				ASSETCATALOG_COMPILER_GLOBAL_ACCENT_COLOR_NAME = AccentColor;
				CODE_SIGN_STYLE = Automatic;
				CURRENT_PROJECT_VERSION = 3;
				DEVELOPMENT_TEAM = RDQHYSDFFG;
				GENERATE_INFOPLIST_FILE = YES;
				INFOPLIST_FILE = "iOS (App)/Info.plist";
				INFOPLIST_KEY_CFBundleDisplayName = SyncNos;
				INFOPLIST_KEY_UIApplicationSupportsIndirectInputEvents = YES;
				INFOPLIST_KEY_UILaunchStoryboardName = LaunchScreen;
				INFOPLIST_KEY_UIMainStoryboardFile = Main;
				INFOPLIST_KEY_UISupportedInterfaceOrientations = "UIInterfaceOrientationPortrait UIInterfaceOrientationLandscapeLeft UIInterfaceOrientationLandscapeRight";
				INFOPLIST_KEY_UISupportedInterfaceOrientations_iPad = "UIInterfaceOrientationPortrait UIInterfaceOrientationPortraitUpsideDown UIInterfaceOrientationLandscapeLeft UIInterfaceOrientationLandscapeRight";
				IPHONEOS_DEPLOYMENT_TARGET = 15.0;
				LD_RUNPATH_SEARCH_PATHS = (
					"$(inherited)",
					"@executable_path/Frameworks",
				);
				MARKETING_VERSION = 1.7.3;
				OTHER_LDFLAGS = (
					"-framework",
					SafariServices,
					"-framework",
					WebKit,
				);
				PRODUCT_BUNDLE_IDENTIFIER = com.chiimagnus.SyncNos.Webclipper;
				PRODUCT_NAME = SyncNos;
				SDKROOT = iphoneos;
				STRING_CATALOG_GENERATE_SYMBOLS = YES;
				SWIFT_APPROACHABLE_CONCURRENCY = YES;
				SWIFT_DEFAULT_ACTOR_ISOLATION = MainActor;
				SWIFT_EMIT_LOC_STRINGS = YES;
				SWIFT_UPCOMING_FEATURE_MEMBER_IMPORT_VISIBILITY = YES;
				SWIFT_VERSION = 5.0;
				TARGETED_DEVICE_FAMILY = "1,2";
			};
			name = Debug;
		};
		D8177EAF2FC1732D002081D9 /* Release */ = {
			isa = XCBuildConfiguration;
			buildSettings = {
				ASSETCATALOG_COMPILER_APPICON_NAME = AppIcon;
				ASSETCATALOG_COMPILER_GLOBAL_ACCENT_COLOR_NAME = AccentColor;
				CODE_SIGN_STYLE = Automatic;
				CURRENT_PROJECT_VERSION = 3;
				DEVELOPMENT_TEAM = RDQHYSDFFG;
				GENERATE_INFOPLIST_FILE = YES;
				INFOPLIST_FILE = "iOS (App)/Info.plist";
				INFOPLIST_KEY_CFBundleDisplayName = SyncNos;
				INFOPLIST_KEY_UIApplicationSupportsIndirectInputEvents = YES;
				INFOPLIST_KEY_UILaunchStoryboardName = LaunchScreen;
				INFOPLIST_KEY_UIMainStoryboardFile = Main;
				INFOPLIST_KEY_UISupportedInterfaceOrientations = "UIInterfaceOrientationPortrait UIInterfaceOrientationLandscapeLeft UIInterfaceOrientationLandscapeRight";
				INFOPLIST_KEY_UISupportedInterfaceOrientations_iPad = "UIInterfaceOrientationPortrait UIInterfaceOrientationPortraitUpsideDown UIInterfaceOrientationLandscapeLeft UIInterfaceOrientationLandscapeRight";
				IPHONEOS_DEPLOYMENT_TARGET = 15.0;
				LD_RUNPATH_SEARCH_PATHS = (
					"$(inherited)",
					"@executable_path/Frameworks",
				);
				MARKETING_VERSION = 1.7.3;
				OTHER_LDFLAGS = (
					"-framework",
					SafariServices,
					"-framework",
					WebKit,
				);
				PRODUCT_BUNDLE_IDENTIFIER = com.chiimagnus.SyncNos.Webclipper;
				PRODUCT_NAME = SyncNos;
				SDKROOT = iphoneos;
				STRING_CATALOG_GENERATE_SYMBOLS = YES;
				SWIFT_APPROACHABLE_CONCURRENCY = YES;
				SWIFT_DEFAULT_ACTOR_ISOLATION = MainActor;
				SWIFT_EMIT_LOC_STRINGS = YES;
				SWIFT_UPCOMING_FEATURE_MEMBER_IMPORT_VISIBILITY = YES;
				SWIFT_VERSION = 5.0;
				TARGETED_DEVICE_FAMILY = "1,2";
				VALIDATE_PRODUCT = YES;
			};
			name = Release;
		};
		D8177EB12FC1732D002081D9 /* Debug */ = {
			isa = XCBuildConfiguration;
			buildSettings = {
				CODE_SIGN_STYLE = Automatic;
				CURRENT_PROJECT_VERSION = 3;
				ENABLE_APP_SANDBOX = YES;
				ENABLE_HARDENED_RUNTIME = YES;
				ENABLE_USER_SELECTED_FILES = readonly;
				GENERATE_INFOPLIST_FILE = YES;
				INFOPLIST_FILE = "macOS (Extension)/Info.plist";
				INFOPLIST_KEY_CFBundleDisplayName = "SyncNos Extension";
				INFOPLIST_KEY_NSHumanReadableCopyright = "";
				LD_RUNPATH_SEARCH_PATHS = (
					"$(inherited)",
					"@executable_path/../Frameworks",
					"@executable_path/../../../../Frameworks",
				);
				MACOSX_DEPLOYMENT_TARGET = 10.14;
				MARKETING_VERSION = 1.7.3;
				OTHER_LDFLAGS = (
					"-framework",
					SafariServices,
				);
				PRODUCT_BUNDLE_IDENTIFIER = com.chiimagnus.SyncNos.Webclipper.Extension;
				PRODUCT_NAME = "SyncNos Extension";
				SDKROOT = macosx;
				SKIP_INSTALL = YES;
				STRING_CATALOG_GENERATE_SYMBOLS = YES;
				SWIFT_APPROACHABLE_CONCURRENCY = YES;
				SWIFT_EMIT_LOC_STRINGS = YES;
				SWIFT_UPCOMING_FEATURE_MEMBER_IMPORT_VISIBILITY = YES;
				SWIFT_VERSION = 5.0;
			};
			name = Debug;
		};
		D8177EB22FC1732D002081D9 /* Release */ = {
			isa = XCBuildConfiguration;
			buildSettings = {
				CODE_SIGN_STYLE = Automatic;
				CURRENT_PROJECT_VERSION = 3;
				ENABLE_APP_SANDBOX = YES;
				ENABLE_HARDENED_RUNTIME = YES;
				ENABLE_USER_SELECTED_FILES = readonly;
				GENERATE_INFOPLIST_FILE = YES;
				INFOPLIST_FILE = "macOS (Extension)/Info.plist";
				INFOPLIST_KEY_CFBundleDisplayName = "SyncNos Extension";
				INFOPLIST_KEY_NSHumanReadableCopyright = "";
				LD_RUNPATH_SEARCH_PATHS = (
					"$(inherited)",
					"@executable_path/../Frameworks",
					"@executable_path/../../../../Frameworks",
				);
				MACOSX_DEPLOYMENT_TARGET = 10.14;
				MARKETING_VERSION = 1.7.3;
				OTHER_LDFLAGS = (
					"-framework",
					SafariServices,
				);
				PRODUCT_BUNDLE_IDENTIFIER = com.chiimagnus.SyncNos.Webclipper.Extension;
				PRODUCT_NAME = "SyncNos Extension";
				SDKROOT = macosx;
				SKIP_INSTALL = YES;
				STRING_CATALOG_GENERATE_SYMBOLS = YES;
				SWIFT_APPROACHABLE_CONCURRENCY = YES;
				SWIFT_EMIT_LOC_STRINGS = YES;
				SWIFT_UPCOMING_FEATURE_MEMBER_IMPORT_VISIBILITY = YES;
				SWIFT_VERSION = 5.0;
			};
			name = Release;
		};
		D8177EB52FC1732D002081D9 /* Debug */ = {
			isa = XCBuildConfiguration;
			buildSettings = {
				ASSETCATALOG_COMPILER_APPICON_NAME = AppIcon;
				ASSETCATALOG_COMPILER_GLOBAL_ACCENT_COLOR_NAME = AccentColor;
				CODE_SIGN_STYLE = Automatic;
				CURRENT_PROJECT_VERSION = 3;
				DEVELOPMENT_TEAM = RDQHYSDFFG;
				ENABLE_APP_SANDBOX = YES;
				ENABLE_HARDENED_RUNTIME = YES;
				ENABLE_OUTGOING_NETWORK_CONNECTIONS = YES;
				ENABLE_USER_SELECTED_FILES = readonly;
				GENERATE_INFOPLIST_FILE = YES;
				INFOPLIST_FILE = "macOS (App)/Info.plist";
				INFOPLIST_KEY_CFBundleDisplayName = SyncNos;
				INFOPLIST_KEY_NSMainStoryboardFile = Main;
				INFOPLIST_KEY_NSPrincipalClass = NSApplication;
				LD_RUNPATH_SEARCH_PATHS = (
					"$(inherited)",
					"@executable_path/../Frameworks",
				);
				MACOSX_DEPLOYMENT_TARGET = 10.14;
				MARKETING_VERSION = 1.7.3;
				OTHER_LDFLAGS = (
					"-framework",
					SafariServices,
					"-framework",
					WebKit,
				);
				PRODUCT_BUNDLE_IDENTIFIER = com.chiimagnus.SyncNos.Webclipper;
				PRODUCT_NAME = SyncNos;
				REGISTER_APP_GROUPS = YES;
				SDKROOT = macosx;
				STRING_CATALOG_GENERATE_SYMBOLS = YES;
				SWIFT_APPROACHABLE_CONCURRENCY = YES;
				SWIFT_DEFAULT_ACTOR_ISOLATION = MainActor;
				SWIFT_EMIT_LOC_STRINGS = YES;
				SWIFT_UPCOMING_FEATURE_MEMBER_IMPORT_VISIBILITY = YES;
				SWIFT_VERSION = 5.0;
			};
			name = Debug;
		};
		D8177EB62FC1732D002081D9 /* Release */ = {
			isa = XCBuildConfiguration;
			buildSettings = {
				ASSETCATALOG_COMPILER_APPICON_NAME = AppIcon;
				ASSETCATALOG_COMPILER_GLOBAL_ACCENT_COLOR_NAME = AccentColor;
				CODE_SIGN_STYLE = Automatic;
				CURRENT_PROJECT_VERSION = 3;
				DEVELOPMENT_TEAM = RDQHYSDFFG;
				ENABLE_APP_SANDBOX = YES;
				ENABLE_HARDENED_RUNTIME = YES;
				ENABLE_OUTGOING_NETWORK_CONNECTIONS = YES;
				ENABLE_USER_SELECTED_FILES = readonly;
				GENERATE_INFOPLIST_FILE = YES;
				INFOPLIST_FILE = "macOS (App)/Info.plist";
				INFOPLIST_KEY_CFBundleDisplayName = SyncNos;
				INFOPLIST_KEY_NSMainStoryboardFile = Main;
				INFOPLIST_KEY_NSPrincipalClass = NSApplication;
				LD_RUNPATH_SEARCH_PATHS = (
					"$(inherited)",
					"@executable_path/../Frameworks",
				);
				MACOSX_DEPLOYMENT_TARGET = 10.14;
				MARKETING_VERSION = 1.7.3;
				OTHER_LDFLAGS = (
					"-framework",
					SafariServices,
					"-framework",
					WebKit,
				);
				PRODUCT_BUNDLE_IDENTIFIER = com.chiimagnus.SyncNos.Webclipper;
				PRODUCT_NAME = SyncNos;
				REGISTER_APP_GROUPS = YES;
				SDKROOT = macosx;
				STRING_CATALOG_GENERATE_SYMBOLS = YES;
				SWIFT_APPROACHABLE_CONCURRENCY = YES;
				SWIFT_DEFAULT_ACTOR_ISOLATION = MainActor;
				SWIFT_EMIT_LOC_STRINGS = YES;
				SWIFT_UPCOMING_FEATURE_MEMBER_IMPORT_VISIBILITY = YES;
				SWIFT_VERSION = 5.0;
			};
			name = Release;
		};
/* End XCBuildConfiguration section */

/* Begin XCConfigurationList section */
		D8177E5B2FC1732C002081D9 /* Build configuration list for PBXProject "SyncNos" */ = {
			isa = XCConfigurationList;
			buildConfigurations = (
				D8177EA72FC1732D002081D9 /* Debug */,
				D8177EA82FC1732D002081D9 /* Release */,
			);
			defaultConfigurationIsVisible = 0;
			defaultConfigurationName = Release;
		};
		D8177EA92FC1732D002081D9 /* Build configuration list for PBXNativeTarget "SyncNos Extension (iOS)" */ = {
			isa = XCConfigurationList;
			buildConfigurations = (
				D8177EAA2FC1732D002081D9 /* Debug */,
				D8177EAB2FC1732D002081D9 /* Release */,
			);
			defaultConfigurationIsVisible = 0;
			defaultConfigurationName = Release;
		};
		D8177EAD2FC1732D002081D9 /* Build configuration list for PBXNativeTarget "SyncNos (iOS)" */ = {
			isa = XCConfigurationList;
			buildConfigurations = (
				D8177EAE2FC1732D002081D9 /* Debug */,
				D8177EAF2FC1732D002081D9 /* Release */,
			);
			defaultConfigurationIsVisible = 0;
			defaultConfigurationName = Release;
		};
		D8177EB02FC1732D002081D9 /* Build configuration list for PBXNativeTarget "SyncNos Extension (macOS)" */ = {
			isa = XCConfigurationList;
			buildConfigurations = (
				D8177EB12FC1732D002081D9 /* Debug */,
				D8177EB22FC1732D002081D9 /* Release */,
			);
			defaultConfigurationIsVisible = 0;
			defaultConfigurationName = Release;
		};
		D8177EB42FC1732D002081D9 /* Build configuration list for PBXNativeTarget "SyncNos (macOS)" */ = {
			isa = XCConfigurationList;
			buildConfigurations = (
				D8177EB52FC1732D002081D9 /* Debug */,
				D8177EB62FC1732D002081D9 /* Release */,
			);
			defaultConfigurationIsVisible = 0;
			defaultConfigurationName = Release;
		};
/* End XCConfigurationList section */
	};
	rootObject = D8177E582FC1732C002081D9 /* Project object */;
}
